
Microsoft Visual Studio Solution File, Format Version 12.00
# Visual Studio Version 17
VisualStudioVersion = 17.0.31903.59
MinimumVisualStudioVersion = 10.0.40219.1
Project("{FAE04EC0-301F-11D3-BF4B-00C04F79EFBC}") = "FirstClass", "FirstClass\FirstClass.csproj", "{2DE0A070-2C29-4F84-9DE1-98F881B8FD12}"
EndProject
Project("{FAE04EC0-301F-11D3-BF4B-00C04F79EFBC}") = "ConstructorExample", "ConstructorExample\ConstructorExample.csproj", "{C6DDA8C2-8966-41E0-BFD8-0609006465F0}"
EndProject
Project("{FAE04EC0-301F-11D3-BF4B-00C04F79EFBC}") = "LibraryDemo", "LibraryDemo\LibraryDemo.csproj", "{C90EACDF-CB06-401D-8468-5D95670D84C1}"
EndProject
Global
	GlobalSection(SolutionConfigurationPlatforms) = preSolution
		Debug|Any CPU = Debug|Any CPU
		Release|Any CPU = Release|Any CPU
	EndGlobalSection
	GlobalSection(SolutionProperties) = preSolution
		HideSolutionNode = FALSE
	EndGlobalSection
	GlobalSection(ProjectConfigurationPlatforms) = postSolution
		{2DE0A070-2C29-4F84-9DE1-98F881B8FD12}.Debug|Any CPU.ActiveCfg = Debug|Any CPU
		{2DE0A070-2C29-4F84-9DE1-98F881B8FD12}.Debug|Any CPU.Build.0 = Debug|Any CPU
		{2DE0A070-2C29-4F84-9DE1-98F881B8FD12}.Release|Any CPU.ActiveCfg = Release|Any CPU
		{2DE0A070-2C29-4F84-9DE1-98F881B8FD12}.Release|Any CPU.Build.0 = Release|Any CPU
		{C6DDA8C2-8966-41E0-BFD8-0609006465F0}.Debug|Any CPU.ActiveCfg = Debug|Any CPU
		{C6DDA8C2-8966-41E0-BFD8-0609006465F0}.Debug|Any CPU.Build.0 = Debug|Any CPU
		{C6DDA8C2-8966-41E0-BFD8-0609006465F0}.Release|Any CPU.ActiveCfg = Release|Any CPU
		{C6DDA8C2-8966-41E0-BFD8-0609006465F0}.Release|Any CPU.Build.0 = Release|Any CPU
		{C90EACDF-CB06-401D-8468-5D95670D84C1}.Debug|Any CPU.ActiveCfg = Debug|Any CPU
		{C90EACDF-CB06-401D-8468-5D95670D84C1}.Debug|Any CPU.Build.0 = Debug|Any CPU
		{C90EACDF-CB06-401D-8468-5D95670D84C1}.Release|Any CPU.ActiveCfg = Release|Any CPU
		{C90EACDF-CB06-401D-8468-5D95670D84C1}.Release|Any CPU.Build.0 = Release|Any CPU
	EndGlobalSection
EndGlobal
